# THIS IS AN AUTOGENERATED FILE. DO NOT EDIT THIS FILE DIRECTLY.
# yarn lockfile v1


"@codemirror/autocomplete@^6.0.0":
  version "6.20.0"
  resolved "https://registry.npmjs.org/@codemirror/autocomplete/-/autocomplete-6.20.0.tgz"
  integrity sha512-bOwvTOIJcG5FVo5gUUupiwYh8MioPLQ4UcqbcRf7UQ98X90tCa9E1kZ3Z7tqwpZxYyOvh1YTYbmZE9RTfTp5hg==
  dependencies:
    "@codemirror/language" "^6.0.0"
    "@codemirror/state" "^6.0.0"
    "@codemirror/view" "^6.17.0"
    "@lezer/common" "^1.0.0"

"@codemirror/commands@^6.0.0":
  version "6.10.1"
  resolved "https://registry.npmjs.org/@codemirror/commands/-/commands-6.10.1.tgz"
  integrity sha512-uWDWFypNdQmz2y1LaNJzK7fL7TYKLeUAU0npEC685OKTF3KcQ2Vu3klIM78D7I6wGhktme0lh3CuQLv0ZCrD9Q==
  dependencies:
    "@codemirror/language" "^6.0.0"
    "@codemirror/state" "^6.4.0"
    "@codemirror/view" "^6.27.0"
    "@lezer/common" "^1.1.0"

"@codemirror/lang-javascript@^6.2.4":
  version "6.2.4"
  resolved "https://registry.npmjs.org/@codemirror/lang-javascript/-/lang-javascript-6.2.4.tgz"
  integrity sha512-0WVmhp1QOqZ4Rt6GlVGwKJN3KW7Xh4H2q8ZZNGZaP6lRdxXJzmjm4FqvmOojVj6khWJHIb9sp7U/72W7xQgqAA==
  dependencies:
    "@codemirror/autocomplete" "^6.0.0"
    "@codemirror/language" "^6.6.0"
    "@codemirror/lint" "^6.0.0"
    "@codemirror/state" "^6.0.0"
    "@codemirror/view" "^6.17.0"
    "@lezer/common" "^1.0.0"
    "@lezer/javascript" "^1.0.0"

"@codemirror/language@^6.0.0", "@codemirror/language@^6.6.0":
  version "6.12.1"
  resolved "https://registry.npmjs.org/@codemirror/language/-/language-6.12.1.tgz"
  integrity sha512-Fa6xkSiuGKc8XC8Cn96T+TQHYj4ZZ7RdFmXA3i9xe/3hLHfwPZdM+dqfX0Cp0zQklBKhVD8Yzc8LS45rkqcwpQ==
  dependencies:
    "@codemirror/state" "^6.0.0"
    "@codemirror/view" "^6.23.0"
    "@lezer/common" "^1.5.0"
    "@lezer/highlight" "^1.0.0"
    "@lezer/lr" "^1.0.0"
    style-mod "^4.0.0"

"@codemirror/lint@^6.0.0":
  version "6.9.2"
  resolved "https://registry.npmjs.org/@codemirror/lint/-/lint-6.9.2.tgz"
  integrity sha512-sv3DylBiIyi+xKwRCJAAsBZZZWo82shJ/RTMymLabAdtbkV5cSKwWDeCgtUq3v8flTaXS2y1kKkICuRYtUswyQ==
  dependencies:
    "@codemirror/state" "^6.0.0"
    "@codemirror/view" "^6.35.0"
    crelt "^1.0.5"

"@codemirror/search@^6.0.0":
  version "6.6.0"
  resolved "https://registry.npmjs.org/@codemirror/search/-/search-6.6.0.tgz"
  integrity sha512-koFuNXcDvyyotWcgOnZGmY7LZqEOXZaaxD/j6n18TCLx2/9HieZJ5H6hs1g8FiRxBD0DNfs0nXn17g872RmYdw==
  dependencies:
    "@codemirror/state" "^6.0.0"
    "@codemirror/view" "^6.37.0"
    crelt "^1.0.5"

"@codemirror/state@^6.0.0", "@codemirror/state@^6.4.0", "@codemirror/state@^6.5.0":
  version "6.5.4"
  resolved "https://registry.npmjs.org/@codemirror/state/-/state-6.5.4.tgz"
  integrity sha512-8y7xqG/hpB53l25CIoit9/ngxdfoG+fx+V3SHBrinnhOtLvKHRyAJJuHzkWrR4YXXLX8eXBsejgAAxHUOdW1yw==
  dependencies:
    "@marijn/find-cluster-break" "^1.0.0"

"@codemirror/theme-one-dark@^6.1.3":
  version "6.1.3"
  resolved "https://registry.npmjs.org/@codemirror/theme-one-dark/-/theme-one-dark-6.1.3.tgz"
  integrity sha512-NzBdIvEJmx6fjeremiGp3t/okrLPYT0d9orIc7AFun8oZcRk58aejkqhv6spnz4MLAevrKNPMQYXEWMg4s+sKA==
  dependencies:
    "@codemirror/language" "^6.0.0"
    "@codemirror/state" "^6.0.0"
    "@codemirror/view" "^6.0.0"
    "@lezer/highlight" "^1.0.0"

"@codemirror/view@^6.0.0", "@codemirror/view@^6.17.0", "@codemirror/view@^6.23.0", "@codemirror/view@^6.27.0", "@codemirror/view@^6.35.0", "@codemirror/view@^6.37.0":
  version "6.39.11"
  resolved "https://registry.npmjs.org/@codemirror/view/-/view-6.39.11.tgz"
  integrity sha512-bWdeR8gWM87l4DB/kYSF9A+dVackzDb/V56Tq7QVrQ7rn86W0rgZFtlL3g3pem6AeGcb9NQNoy3ao4WpW4h5tQ==
  dependencies:
    "@codemirror/state" "^6.5.0"
    crelt "^1.0.6"
    style-mod "^4.1.0"
    w3c-keyname "^2.2.4"

"@lezer/common@^1.0.0", "@lezer/common@^1.1.0", "@lezer/common@^1.2.0", "@lezer/common@^1.3.0", "@lezer/common@^1.5.0":
  version "1.5.0"
  resolved "https://registry.npmjs.org/@lezer/common/-/common-1.5.0.tgz"
  integrity sha512-PNGcolp9hr4PJdXR4ix7XtixDrClScvtSCYW3rQG106oVMOOI+jFb+0+J3mbeL/53g1Zd6s0kJzaw6Ri68GmAA==

"@lezer/highlight@^1.0.0", "@lezer/highlight@^1.1.3":
  version "1.2.3"
  resolved "https://registry.npmjs.org/@lezer/highlight/-/highlight-1.2.3.tgz"
  integrity sha512-qXdH7UqTvGfdVBINrgKhDsVTJTxactNNxLk7+UMwZhU13lMHaOBlJe9Vqp907ya56Y3+ed2tlqzys7jDkTmW0g==
  dependencies:
    "@lezer/common" "^1.3.0"

"@lezer/javascript@^1.0.0":
  version "1.5.4"
  resolved "https://registry.npmjs.org/@lezer/javascript/-/javascript-1.5.4.tgz"
  integrity sha512-vvYx3MhWqeZtGPwDStM2dwgljd5smolYD2lR2UyFcHfxbBQebqx8yjmFmxtJ/E6nN6u1D9srOiVWm3Rb4tmcUA==
  dependencies:
    "@lezer/common" "^1.2.0"
    "@lezer/highlight" "^1.1.3"
    "@lezer/lr" "^1.3.0"

"@lezer/lr@^1.0.0", "@lezer/lr@^1.3.0":
  version "1.4.8"
  resolved "https://registry.npmjs.org/@lezer/lr/-/lr-1.4.8.tgz"
  integrity sha512-bPWa0Pgx69ylNlMlPvBPryqeLYQjyJjqPx+Aupm5zydLIF3NE+6MMLT8Yi23Bd9cif9VS00aUebn+6fDIGBcDA==
  dependencies:
    "@lezer/common" "^1.0.0"

"@marijn/find-cluster-break@^1.0.0":
  version "1.0.2"
  resolved "https://registry.npmjs.org/@marijn/find-cluster-break/-/find-cluster-break-1.0.2.tgz"
  integrity sha512-l0h88YhZFyKdXIFNfSWpyjStDjGHwZ/U7iobcK1cQQD8sejsONdQtTVU+1wVN1PBw40PiiHB1vA5S7VTfQiP9g==

"@oxc-project/runtime@0.97.0":
  version "0.97.0"
  resolved "https://registry.npmjs.org/@oxc-project/runtime/-/runtime-0.97.0.tgz"
  integrity sha512-yH0zw7z+jEws4dZ4IUKoix5Lh3yhqIJWF9Dc8PWvhpo7U7O+lJrv7ZZL4BeRO0la8LBQFwcCewtLBnVV7hPe/w==

"@oxc-project/types@=0.97.0":
  version "0.97.0"
  resolved "https://registry.npmjs.org/@oxc-project/types/-/types-0.97.0.tgz"
  integrity sha512-lxmZK4xFrdvU0yZiDwgVQTCvh2gHWBJCBk5ALsrtsBWhs0uDIi+FTOnXRQeQfs304imdvTdaakT/lqwQ8hkOXQ==

"@rolldown/binding-win32-x64-msvc@1.0.0-beta.50":
  version "1.0.0-beta.50"
  resolved "https://registry.npmjs.org/@rolldown/binding-win32-x64-msvc/-/binding-win32-x64-msvc-1.0.0-beta.50.tgz"
  integrity sha512-4qU4x5DXWB4JPjyTne/wBNPqkbQU8J45bl21geERBKtEittleonioACBL1R0PsBu0Aq21SwMK5a9zdBkWSlQtQ==

"@rolldown/pluginutils@1.0.0-beta.50":
  version "1.0.0-beta.50"
  resolved "https://registry.npmjs.org/@rolldown/pluginutils/-/pluginutils-1.0.0-beta.50.tgz"
  integrity sha512-5e76wQiQVeL1ICOZVUg4LSOVYg9jyhGCin+icYozhsUzM+fHE7kddi1bdiE0jwVqTfkjba3jUFbEkoC9WkdvyA==

"@uiw/codemirror-theme-vscode@^4.25.4":
  version "4.25.4"
  resolved "https://registry.npmjs.org/@uiw/codemirror-theme-vscode/-/codemirror-theme-vscode-4.25.4.tgz"
  integrity sha512-9ob5EtLqrXBFl8uf4eFRkXjyjfyfBRVsJdt7xbc33f+2/I29/2v2nEdU/xw40+dhloxF/h1Ry281f8wAs97MWQ==
  dependencies:
    "@uiw/codemirror-themes" "4.25.4"

"@uiw/codemirror-themes@4.25.4":
  version "4.25.4"
  resolved "https://registry.npmjs.org/@uiw/codemirror-themes/-/codemirror-themes-4.25.4.tgz"
  integrity sha512-2SLktItgcZC4p0+PfFusEbAHwbuAWe3bOOntCevVgHtrWGtGZX3IPv2k8IKZMgOXtAHyGKpJvT9/nspPn/uCQg==
  dependencies:
    "@codemirror/language" "^6.0.0"
    "@codemirror/state" "^6.0.0"
    "@codemirror/view" "^6.0.0"

codemirror@^6.0.2:
  version "6.0.2"
  resolved "https://registry.npmjs.org/codemirror/-/codemirror-6.0.2.tgz"
  integrity sha512-VhydHotNW5w1UGK0Qj96BwSk/Zqbp9WbnyK2W/eVMv4QyF41INRGpjUhFJY7/uDNuudSc33a/PKr4iDqRduvHw==
  dependencies:
    "@codemirror/autocomplete" "^6.0.0"
    "@codemirror/commands" "^6.0.0"
    "@codemirror/language" "^6.0.0"
    "@codemirror/lint" "^6.0.0"
    "@codemirror/search" "^6.0.0"
    "@codemirror/state" "^6.0.0"
    "@codemirror/view" "^6.0.0"

crelt@^1.0.5, crelt@^1.0.6:
  version "1.0.6"
  resolved "https://registry.npmjs.org/crelt/-/crelt-1.0.6.tgz"
  integrity sha512-VQ2MBenTq1fWZUH9DJNGti7kKv6EeAuYr3cLwxUWhIu1baTaXh4Ib5W2CqHVqib4/MqbYGJqiL3Zb8GJZr3l4g==

detect-libc@^2.0.3:
  version "2.1.2"
  resolved "https://registry.npmjs.org/detect-libc/-/detect-libc-2.1.2.tgz"
  integrity sha512-Btj2BOOO83o3WyH59e8MgXsxEQVcarkUOpEYrubB0urwnN10yQ364rsiByU11nZlqWYZm05i/of7io4mzihBtQ==

fdir@^6.5.0:
  version "6.5.0"
  resolved "https://registry.npmjs.org/fdir/-/fdir-6.5.0.tgz"
  integrity sha512-tIbYtZbucOs0BRGqPJkshJUYdL+SDH7dVM8gjy+ERp3WAUjLEFJE+02kanyHtwjWOnwrKYBiwAmM0p4kLJAnXg==

lightningcss-win32-x64-msvc@1.31.1:
  version "1.31.1"
  resolved "https://registry.npmjs.org/lightningcss-win32-x64-msvc/-/lightningcss-win32-x64-msvc-1.31.1.tgz"
  integrity sha512-I9aiFrbd7oYHwlnQDqr1Roz+fTz61oDDJX7n9tYF9FJymH1cIN1DtKw3iYt6b8WZgEjoNwVSncwF4wx/ZedMhw==

lightningcss@^1.30.2:
  version "1.31.1"
  resolved "https://registry.npmjs.org/lightningcss/-/lightningcss-1.31.1.tgz"
  integrity sha512-l51N2r93WmGUye3WuFoN5k10zyvrVs0qfKBhyC5ogUQ6Ew6JUSswh78mbSO+IU3nTWsyOArqPCcShdQSadghBQ==
  dependencies:
    detect-libc "^2.0.3"
  optionalDependencies:
    lightningcss-android-arm64 "1.31.1"
    lightningcss-darwin-arm64 "1.31.1"
    lightningcss-darwin-x64 "1.31.1"
    lightningcss-freebsd-x64 "1.31.1"
    lightningcss-linux-arm-gnueabihf "1.31.1"
    lightningcss-linux-arm64-gnu "1.31.1"
    lightningcss-linux-arm64-musl "1.31.1"
    lightningcss-linux-x64-gnu "1.31.1"
    lightningcss-linux-x64-musl "1.31.1"
    lightningcss-win32-arm64-msvc "1.31.1"
    lightningcss-win32-x64-msvc "1.31.1"

nanoid@^3.3.11:
  version "3.3.11"
  resolved "https://registry.npmjs.org/nanoid/-/nanoid-3.3.11.tgz"
  integrity sha512-N8SpfPUnUp1bK+PMYW8qSWdl9U+wwNWI4QKxOYDy9JAro3WMX7p2OeVRF9v+347pnakNevPmiHhNmZ2HbFA76w==

picocolors@^1.1.1:
  version "1.1.1"
  resolved "https://registry.npmjs.org/picocolors/-/picocolors-1.1.1.tgz"
  integrity sha512-xceH2snhtb5M9liqDsmEw56le376mTZkEX/jEb/RxNFyegNul7eNslCXP9FDj/Lcu0X8KEyMceP2ntpaHrDEVA==

"picomatch@^3 || ^4", picomatch@^4.0.3:
  version "4.0.3"
  resolved "https://registry.npmjs.org/picomatch/-/picomatch-4.0.3.tgz"
  integrity sha512-5gTmgEY/sqK6gFXLIsQNH19lWb4ebPDLA4SdLP7dsWkIXHWlG66oPuVvXSGFPppYZz8ZDZq0dYYrbHfBCVUb1Q==

postcss@^8.5.6:
  version "8.5.6"
  resolved "https://registry.npmjs.org/postcss/-/postcss-8.5.6.tgz"
  integrity sha512-3Ybi1tAuwAP9s0r1UQ2J4n5Y0G05bJkpUIO0/bI9MhwmD70S5aTWbXGBwxHrelT+XM1k6dM0pk+SwNkpTRN7Pg==
  dependencies:
    nanoid "^3.3.11"
    picocolors "^1.1.1"
    source-map-js "^1.2.1"

rolldown@1.0.0-beta.50:
  version "1.0.0-beta.50"
  resolved "https://registry.npmjs.org/rolldown/-/rolldown-1.0.0-beta.50.tgz"
  integrity sha512-JFULvCNl/anKn99eKjOSEubi0lLmNqQDAjyEMME2T4CwezUDL0i6t1O9xZsu2OMehPnV2caNefWpGF+8TnzB6A==
  dependencies:
    "@oxc-project/types" "=0.97.0"
    "@rolldown/pluginutils" "1.0.0-beta.50"
  optionalDependencies:
    "@rolldown/binding-android-arm64" "1.0.0-beta.50"
    "@rolldown/binding-darwin-arm64" "1.0.0-beta.50"
    "@rolldown/binding-darwin-x64" "1.0.0-beta.50"
    "@rolldown/binding-freebsd-x64" "1.0.0-beta.50"
    "@rolldown/binding-linux-arm-gnueabihf" "1.0.0-beta.50"
    "@rolldown/binding-linux-arm64-gnu" "1.0.0-beta.50"
    "@rolldown/binding-linux-arm64-musl" "1.0.0-beta.50"
    "@rolldown/binding-linux-x64-gnu" "1.0.0-beta.50"
    "@rolldown/binding-linux-x64-musl" "1.0.0-beta.50"
    "@rolldown/binding-openharmony-arm64" "1.0.0-beta.50"
    "@rolldown/binding-wasm32-wasi" "1.0.0-beta.50"
    "@rolldown/binding-win32-arm64-msvc" "1.0.0-beta.50"
    "@rolldown/binding-win32-ia32-msvc" "1.0.0-beta.50"
    "@rolldown/binding-win32-x64-msvc" "1.0.0-beta.50"

source-map-js@^1.2.1:
  version "1.2.1"
  resolved "https://registry.npmjs.org/source-map-js/-/source-map-js-1.2.1.tgz"
  integrity sha512-UXWMKhLOwVKb728IUtQPXxfYU+usdybtUrK/8uGE8CQMvrhOpwvzDBwj0QhSL7MQc7vIsISBG8VQ8+IDQxpfQA==

style-mod@^4.0.0, style-mod@^4.1.0:
  version "4.1.3"
  resolved "https://registry.npmjs.org/style-mod/-/style-mod-4.1.3.tgz"
  integrity sha512-i/n8VsZydrugj3Iuzll8+x/00GH2vnYsk1eomD8QiRrSAeW6ItbCQDtfXCeJHd0iwiNagqjQkvpvREEPtW3IoQ==

tinyglobby@^0.2.15:
  version "0.2.15"
  resolved "https://registry.npmjs.org/tinyglobby/-/tinyglobby-0.2.15.tgz"
  integrity sha512-j2Zq4NyQYG5XMST4cbs02Ak8iJUdxRM0XI5QyxXuZOzKOINmWurp3smXu3y5wDcJrptwpSjgXHzIQxR0omXljQ==
  dependencies:
    fdir "^6.5.0"
    picomatch "^4.0.3"

typescript@~5.9.3:
  version "5.9.3"
  resolved "https://registry.npmjs.org/typescript/-/typescript-5.9.3.tgz"
  integrity sha512-jl1vZzPDinLr9eUt3J/t7V6FgNEw9QjvBPdysz9KfQDD41fQrC2Y4vKQdiaUpFT4bXlb1RHhLpp8wtm6M5TgSw==

"vite@npm:rolldown-vite@7.2.5":
  version "7.2.5"
  resolved "https://registry.npmjs.org/rolldown-vite/-/rolldown-vite-7.2.5.tgz"
  integrity sha512-u09tdk/huMiN8xwoiBbig197jKdCamQTtOruSalOzbqGje3jdHiV0njQlAW0YvzoahkirFePNQ4RYlfnRQpXZA==
  dependencies:
    "@oxc-project/runtime" "0.97.0"
    fdir "^6.5.0"
    lightningcss "^1.30.2"
    picomatch "^4.0.3"
    postcss "^8.5.6"
    rolldown "1.0.0-beta.50"
    tinyglobby "^0.2.15"
  optionalDependencies:
    fsevents "~2.3.3"

w3c-keyname@^2.2.4:
  version "2.2.8"
  resolved "https://registry.npmjs.org/w3c-keyname/-/w3c-keyname-2.2.8.tgz"
  integrity sha512-dpojBhNsCNN7T82Tm7k26A6G9ML3NkhDsnw9n/eoxSRlVBB4CEtIQ/KTCLI2Fwf3ataSXRhYFkQi3SlnFwPvPQ==
